// !$*UTF8*$!
{
	archiveVersion = 1;
	classes = {
	};
	objectVersion = 50;
	objects = {

/* Begin PBXBuildFile section */
		0D1F63FB21E7A01000AFC29A /* Settings.bundle in Resources */ = {isa = PBXBuildFile; fileRef = 0D1F63FA21E7A01000AFC29A /* Settings.bundle */; };
		0D5F4A7721A3121F00D443CC /* CUU.plist in Resources */ = {isa = PBXBuildFile; fileRef = 0D5F4A7621A3121F00D443CC /* CUU.plist */; };
		0D9DBF3221A33D39004D445B /* DetailViewController.swift in Sources */ = {isa = PBXBuildFile; fileRef = 0D9DBF3121A33D39004D445B /* DetailViewController.swift */; };
		0DD194BC21A31BE7001F8EA5 /* ListViewController.swift in Sources */ = {isa = PBXBuildFile; fileRef = 0DD194BB21A31BE7001F8EA5 /* ListViewController.swift */; };
		0DF3077221B7DBC4007D57D6 /* LineView.xib in Resources */ = {isa = PBXBuildFile; fileRef = 0DF3077121B7DBC4007D57D6 /* LineView.xib */; };
		0DF3077421B7DBE0007D57D6 /* LineView.swift in Sources */ = {isa = PBXBuildFile; fileRef = 0DF3077321B7DBE0007D57D6 /* LineView.swift */; };
		0DF3077C21B7E067007D57D6 /* AttachmentView.xib in Resources */ = {isa = PBXBuildFile; fileRef = 0DF3077B21B7E067007D57D6 /* AttachmentView.xib */; };
		0DF3077E21B7E070007D57D6 /* AttachmentView.swift in Sources */ = {isa = PBXBuildFile; fileRef = 0DF3077D21B7E070007D57D6 /* AttachmentView.swift */; };
		5EC4072A21A8331100A64106 /* DataHandler.swift in Sources */ = {isa = PBXBuildFile; fileRef = 5EC4072921A8331100A64106 /* DataHandler.swift */; };
		9021D49021E78EF2000E7EAD /* AnyAttachment.swift in Sources */ = {isa = PBXBuildFile; fileRef = 9021D48F21E78EF2000E7EAD /* AnyAttachment.swift */; };
		904AA43521E488CC0027D29E /* DetailViewController+AVAudioRecorderDelegate.swift in Sources */ = {isa = PBXBuildFile; fileRef = 904AA43421E488CC0027D29E /* DetailViewController+AVAudioRecorderDelegate.swift */; };
		904AA43C21E492ED0027D29E /* DetailViewController+UIDocumentMenuDelegate.swift in Sources */ = {isa = PBXBuildFile; fileRef = 904AA43B21E492ED0027D29E /* DetailViewController+UIDocumentMenuDelegate.swift */; };
		904AA43E21E493B40027D29E /* TextDocument.swift in Sources */ = {isa = PBXBuildFile; fileRef = 904AA43D21E493B40027D29E /* TextDocument.swift */; };
		905C159121C9D08400182B14 /* Audio.swift in Sources */ = {isa = PBXBuildFile; fileRef = 905C159021C9D08400182B14 /* Audio.swift */; };
		9082AF6A21A561D200CA8E80 /* CarPart.swift in Sources */ = {isa = PBXBuildFile; fileRef = 9082AF6421A561D200CA8E80 /* CarPart.swift */; };
		9082AF6B21A561D200CA8E80 /* Car.swift in Sources */ = {isa = PBXBuildFile; fileRef = 9082AF6521A561D200CA8E80 /* Car.swift */; };
		9082AF6C21A561D200CA8E80 /* Incident.swift in Sources */ = {isa = PBXBuildFile; fileRef = 9082AF6621A561D200CA8E80 /* Incident.swift */; };
		9082AF6D21A561D200CA8E80 /* CarPartItem.swift in Sources */ = {isa = PBXBuildFile; fileRef = 9082AF6721A561D200CA8E80 /* CarPartItem.swift */; };
		9082AF6E21A561D200CA8E80 /* CarPartComponent.swift in Sources */ = {isa = PBXBuildFile; fileRef = 9082AF6821A561D200CA8E80 /* CarPartComponent.swift */; };
		9082AF6F21A561D200CA8E80 /* Attachment.swift in Sources */ = {isa = PBXBuildFile; fileRef = 9082AF6921A561D200CA8E80 /* Attachment.swift */; };
		908466EE21B6C6E500A3C80C /* Photo.swift in Sources */ = {isa = PBXBuildFile; fileRef = 908466ED21B6C6E500A3C80C /* Photo.swift */; };
		908466F021B6C85B00A3C80C /* PhotoViewController.swift in Sources */ = {isa = PBXBuildFile; fileRef = 908466EF21B6C85B00A3C80C /* PhotoViewController.swift */; };
		908466F221B6D11800A3C80C /* AttachmentViewCell.swift in Sources */ = {isa = PBXBuildFile; fileRef = 908466F121B6D11800A3C80C /* AttachmentViewCell.swift */; };
		90903D1F21B68DE400DA4C7E /* CollectionViewCell.swift in Sources */ = {isa = PBXBuildFile; fileRef = 90903D1E21B68DE400DA4C7E /* CollectionViewCell.swift */; };
		90C7377821B5368D008AD568 /* stickerTest.mlmodel in Sources */ = {isa = PBXBuildFile; fileRef = 90C7377721B5368D008AD568 /* stickerTest.mlmodel */; };
		90C7377A21B56B96008AD568 /* AttachmentViewController+UIImagePickerControllerDelegate.swift in Sources */ = {isa = PBXBuildFile; fileRef = 90C7377921B56B96008AD568 /* AttachmentViewController+UIImagePickerControllerDelegate.swift */; };
		90C7377C21B56BF6008AD568 /* PhotoCollectionViewCell.swift in Sources */ = {isa = PBXBuildFile; fileRef = 90C7377B21B56BF6008AD568 /* PhotoCollectionViewCell.swift */; };
		90C7377E21B56C15008AD568 /* VideoCollectionViewCell.swift in Sources */ = {isa = PBXBuildFile; fileRef = 90C7377D21B56C15008AD568 /* VideoCollectionViewCell.swift */; };
		90C7378021B56D0B008AD568 /* AttachmentViewController+UICollectionViewDataSource.swift in Sources */ = {isa = PBXBuildFile; fileRef = 90C7377F21B56D0B008AD568 /* AttachmentViewController+UICollectionViewDataSource.swift */; };
		90CB845B21AD9E1B00CA1C09 /* BoundingBox.swift in Sources */ = {isa = PBXBuildFile; fileRef = 90CB845721AD9E1B00CA1C09 /* BoundingBox.swift */; };
		90CB845C21AD9E1B00CA1C09 /* NonMaxSuppression.swift in Sources */ = {isa = PBXBuildFile; fileRef = 90CB845821AD9E1B00CA1C09 /* NonMaxSuppression.swift */; };
		90CB845D21AD9E1B00CA1C09 /* SSDPostprocessor.swift in Sources */ = {isa = PBXBuildFile; fileRef = 90CB845921AD9E1B00CA1C09 /* SSDPostprocessor.swift */; };
		90CB845E21AD9E1B00CA1C09 /* Anchors.swift in Sources */ = {isa = PBXBuildFile; fileRef = 90CB845A21AD9E1B00CA1C09 /* Anchors.swift */; };
		90CB846021AD9F4100CA1C09 /* StickerDetector.mlmodel in Sources */ = {isa = PBXBuildFile; fileRef = 90CB845F21AD9F4100CA1C09 /* StickerDetector.mlmodel */; };
		90CB846221ADA08E00CA1C09 /* Utilities.swift in Sources */ = {isa = PBXBuildFile; fileRef = 90CB846121ADA08E00CA1C09 /* Utilities.swift */; };
		90CB846421ADAAF700CA1C09 /* Anchors1.swift in Sources */ = {isa = PBXBuildFile; fileRef = 90CB846321ADAAF700CA1C09 /* Anchors1.swift */; };
		90CB846621ADAB0500CA1C09 /* Anchors2.swift in Sources */ = {isa = PBXBuildFile; fileRef = 90CB846521ADAB0500CA1C09 /* Anchors2.swift */; };
		90CB846821ADAB1100CA1C09 /* Anchors3.swift in Sources */ = {isa = PBXBuildFile; fileRef = 90CB846721ADAB1100CA1C09 /* Anchors3.swift */; };
		90CB846A21ADAB1A00CA1C09 /* Anchors4.swift in Sources */ = {isa = PBXBuildFile; fileRef = 90CB846921ADAB1A00CA1C09 /* Anchors4.swift */; };
		90CB846C21ADAB2100CA1C09 /* Anchors5.swift in Sources */ = {isa = PBXBuildFile; fileRef = 90CB846B21ADAB2100CA1C09 /* Anchors5.swift */; };
		90CB846E21ADAB2800CA1C09 /* Anchors6.swift in Sources */ = {isa = PBXBuildFile; fileRef = 90CB846D21ADAB2800CA1C09 /* Anchors6.swift */; };
		90CB847021ADAB3100CA1C09 /* Anchors7.swift in Sources */ = {isa = PBXBuildFile; fileRef = 90CB846F21ADAB3100CA1C09 /* Anchors7.swift */; };
		90CB847221ADAB3700CA1C09 /* Anchors8.swift in Sources */ = {isa = PBXBuildFile; fileRef = 90CB847121ADAB3700CA1C09 /* Anchors8.swift */; };
		90CB847421ADAB3F00CA1C09 /* Anchors9.swift in Sources */ = {isa = PBXBuildFile; fileRef = 90CB847321ADAB3F00CA1C09 /* Anchors9.swift */; };
		90CB847621ADAB8B00CA1C09 /* Anchors10.swift in Sources */ = {isa = PBXBuildFile; fileRef = 90CB847521ADAB8B00CA1C09 /* Anchors10.swift */; };
		90D3451321B3FF29009EF79E /* AttachmentViewController.swift in Sources */ = {isa = PBXBuildFile; fileRef = 90D3451221B3FF29009EF79E /* AttachmentViewController.swift */; };
		90D3453321B44C34009EF79E /* Video.swift in Sources */ = {isa = PBXBuildFile; fileRef = 90D3453021B44C34009EF79E /* Video.swift */; };
		A66447E82192121300B2D32B /* AppDelegate.swift in Sources */ = {isa = PBXBuildFile; fileRef = A66447E72192121300B2D32B /* AppDelegate.swift */; };
		A66447EA2192121300B2D32B /* ARViewController.swift in Sources */ = {isa = PBXBuildFile; fileRef = A66447E92192121300B2D32B /* ARViewController.swift */; };
		A66447ED2192121300B2D32B /* Main.storyboard in Resources */ = {isa = PBXBuildFile; fileRef = A66447EB2192121300B2D32B /* Main.storyboard */; };
		A66447EF2192121300B2D32B /* Assets.xcassets in Resources */ = {isa = PBXBuildFile; fileRef = A66447EE2192121300B2D32B /* Assets.xcassets */; };
		A66447F22192121300B2D32B /* LaunchScreen.storyboard in Resources */ = {isa = PBXBuildFile; fileRef = A66447F02192121300B2D32B /* LaunchScreen.storyboard */; };
		B30A477821CFBC59007049F8 /* art.scnassets in Resources */ = {isa = PBXBuildFile; fileRef = B30A475321CFBC58007049F8 /* art.scnassets */; };
		B30A477921CFBC59007049F8 /* Assets.xcassets in Resources */ = {isa = PBXBuildFile; fileRef = B30A475421CFBC58007049F8 /* Assets.xcassets */; };
		B30A477A21CFBC59007049F8 /* ThresholdRotationGestureRecognizer.swift in Sources */ = {isa = PBXBuildFile; fileRef = B30A475621CFBC59007049F8 /* ThresholdRotationGestureRecognizer.swift */; };
		B30A477B21CFBC59007049F8 /* ThresholdPinchGestureRecognizer.swift in Sources */ = {isa = PBXBuildFile; fileRef = B30A475721CFBC59007049F8 /* ThresholdPinchGestureRecognizer.swift */; };
		B30A477C21CFBC59007049F8 /* ThresholdPanGestureRecognizer.swift in Sources */ = {isa = PBXBuildFile; fileRef = B30A475821CFBC59007049F8 /* ThresholdPanGestureRecognizer.swift */; };
		B30A477D21CFBC59007049F8 /* MessageLabel.swift in Sources */ = {isa = PBXBuildFile; fileRef = B30A475A21CFBC59007049F8 /* MessageLabel.swift */; };
		B30A477E21CFBC5A007049F8 /* FlashlightButton.swift in Sources */ = {isa = PBXBuildFile; fileRef = B30A475B21CFBC59007049F8 /* FlashlightButton.swift */; };
		B30A477F21CFBC5A007049F8 /* RoundedButton.swift in Sources */ = {isa = PBXBuildFile; fileRef = B30A475C21CFBC59007049F8 /* RoundedButton.swift */; };
		B30A478021CFBC5A007049F8 /* ScannedPointCloud.swift in Sources */ = {isa = PBXBuildFile; fileRef = B30A475E21CFBC59007049F8 /* ScannedPointCloud.swift */; };
		B30A478121CFBC5A007049F8 /* ScannedObject.swift in Sources */ = {isa = PBXBuildFile; fileRef = B30A475F21CFBC59007049F8 /* ScannedObject.swift */; };
		B30A478221CFBC5A007049F8 /* Wireframe.swift in Sources */ = {isa = PBXBuildFile; fileRef = B30A476021CFBC59007049F8 /* Wireframe.swift */; };
		B30A478321CFBC5A007049F8 /* ScanBoundingBox.swift in Sources */ = {isa = PBXBuildFile; fileRef = B30A476121CFBC59007049F8 /* ScanBoundingBox.swift */; };
		B30A478421CFBC5A007049F8 /* BoundingBoxSide.swift in Sources */ = {isa = PBXBuildFile; fileRef = B30A476221CFBC59007049F8 /* BoundingBoxSide.swift */; };
		B30A478521CFBC5A007049F8 /* DetectedObject.swift in Sources */ = {isa = PBXBuildFile; fileRef = B30A476321CFBC59007049F8 /* DetectedObject.swift */; };
		B30A478621CFBC5A007049F8 /* Snapping.swift in Sources */ = {isa = PBXBuildFile; fileRef = B30A476421CFBC59007049F8 /* Snapping.swift */; };
		B30A478721CFBC5A007049F8 /* DetectedPointCloud.swift in Sources */ = {isa = PBXBuildFile; fileRef = B30A476521CFBC59007049F8 /* DetectedPointCloud.swift */; };
		B30A478821CFBC5A007049F8 /* ObjectOriginAxis.swift in Sources */ = {isa = PBXBuildFile; fileRef = B30A476621CFBC59007049F8 /* ObjectOriginAxis.swift */; };
		B30A478921CFBC5A007049F8 /* PointCloud+CreateVisualization.swift in Sources */ = {isa = PBXBuildFile; fileRef = B30A476721CFBC59007049F8 /* PointCloud+CreateVisualization.swift */; };
		B30A478A21CFBC5A007049F8 /* DetectedBoundingBox.swift in Sources */ = {isa = PBXBuildFile; fileRef = B30A476821CFBC59007049F8 /* DetectedBoundingBox.swift */; };
		B30A478B21CFBC5A007049F8 /* Tile.swift in Sources */ = {isa = PBXBuildFile; fileRef = B30A476921CFBC59007049F8 /* Tile.swift */; };
		B30A478C21CFBC5A007049F8 /* ObjectOrigin.swift in Sources */ = {isa = PBXBuildFile; fileRef = B30A476A21CFBC59007049F8 /* ObjectOrigin.swift */; };
		B30A478D21CFBC5A007049F8 /* TestRun.swift in Sources */ = {isa = PBXBuildFile; fileRef = B30A476C21CFBC59007049F8 /* TestRun.swift */; };
		B30A478E21CFBC5A007049F8 /* ViewController.swift in Sources */ = {isa = PBXBuildFile; fileRef = B30A476D21CFBC59007049F8 /* ViewController.swift */; };
		B30A478F21CFBC5A007049F8 /* ViewController+NavigationBar.swift in Sources */ = {isa = PBXBuildFile; fileRef = B30A476E21CFBC59007049F8 /* ViewController+NavigationBar.swift */; };
		B30A479021CFBC5A007049F8 /* ViewController+SessionInfo.swift in Sources */ = {isa = PBXBuildFile; fileRef = B30A476F21CFBC59007049F8 /* ViewController+SessionInfo.swift */; };
		B30A479121CFBC5A007049F8 /* ShareScanViewController.swift in Sources */ = {isa = PBXBuildFile; fileRef = B30A477021CFBC59007049F8 /* ShareScanViewController.swift */; };
		B30A479321CFBC5A007049F8 /* ViewController+Gestures.swift in Sources */ = {isa = PBXBuildFile; fileRef = B30A477221CFBC59007049F8 /* ViewController+Gestures.swift */; };
		B30A479421CFBC5A007049F8 /* Scan.swift in Sources */ = {isa = PBXBuildFile; fileRef = B30A477321CFBC59007049F8 /* Scan.swift */; };
		B30A479521CFBC5A007049F8 /* ViewController+ApplicationState.swift in Sources */ = {isa = PBXBuildFile; fileRef = B30A477421CFBC59007049F8 /* ViewController+ApplicationState.swift */; };
		B30A479621CFBC5A007049F8 /* ScannerAppUtilities.swift in Sources */ = {isa = PBXBuildFile; fileRef = B30A477621CFBC59007049F8 /* ScannerAppUtilities.swift */; };
		B30A479721CFBC5A007049F8 /* ARCameraTrackingState.swift in Sources */ = {isa = PBXBuildFile; fileRef = B30A477721CFBC59007049F8 /* ARCameraTrackingState.swift */; };
		BA09652121CEE59F00174922 /* StatusViewController.swift in Sources */ = {isa = PBXBuildFile; fileRef = BA09652021CEE59F00174922 /* StatusViewController.swift */; };
		BA09652321CEEA0800174922 /* ARViewControllerStatusbar.swift in Sources */ = {isa = PBXBuildFile; fileRef = BA09652221CEEA0800174922 /* ARViewControllerStatusbar.swift */; };
		BA6972E621D854E200F919EF /* ARViewControllerScreenshot.swift in Sources */ = {isa = PBXBuildFile; fileRef = BA6972E521D854E200F919EF /* ARViewControllerScreenshot.swift */; };
		BA6972E821D8557D00F919EF /* ARViewControllerNavigation.swift in Sources */ = {isa = PBXBuildFile; fileRef = BA6972E721D8557D00F919EF /* ARViewControllerNavigation.swift */; };
		BE18F72921E8A7B200057A0C /* ARModelsCollectionViewCell.swift in Sources */ = {isa = PBXBuildFile; fileRef = BE18F72821E8A7B200057A0C /* ARModelsCollectionViewCell.swift */; };
		BE18F72B21E8A84F00057A0C /* ModelViewController.swift in Sources */ = {isa = PBXBuildFile; fileRef = BE18F72A21E8A84F00057A0C /* ModelViewController.swift */; };
		BAD6B88421E79CF200701698 /* ARViewControllerMultiUserExtension.swift in Sources */ = {isa = PBXBuildFile; fileRef = BAD6B88321E79CF200701698 /* ARViewControllerMultiUserExtension.swift */; };
		BAD6B88621E79E7900701698 /* MultipeerSession.swift in Sources */ = {isa = PBXBuildFile; fileRef = BAD6B88521E79E7900701698 /* MultipeerSession.swift */; };
		BAD6B88821E7A2A100701698 /* ARViewControllerStatusBarExtension.swift in Sources */ = {isa = PBXBuildFile; fileRef = BAD6B88721E7A2A100701698 /* ARViewControllerStatusBarExtension.swift */; };
		BE5BAF8221A16B1B00CEBB3C /* CUU.framework in Frameworks */ = {isa = PBXBuildFile; fileRef = BE5BAF8121A16B1B00CEBB3C /* CUU.framework */; };
		D2116AFA6D957C3B4D9F2CE7 /* Pods_ios1819capgemini.framework in Frameworks */ = {isa = PBXBuildFile; fileRef = 67865FE4559F021B51E7D3CF /* Pods_ios1819capgemini.framework */; };
/* End PBXBuildFile section */

/* Begin PBXFileReference section */
		0CDB5AF4C15D59DC7C04B3EA /* Pods-ios1819capgemini.release.xcconfig */ = {isa = PBXFileReference; includeInIndex = 1; lastKnownFileType = text.xcconfig; name = "Pods-ios1819capgemini.release.xcconfig"; path = "Pods/Target Support Files/Pods-ios1819capgemini/Pods-ios1819capgemini.release.xcconfig"; sourceTree = "<group>"; };
		0D1F63FA21E7A01000AFC29A /* Settings.bundle */ = {isa = PBXFileReference; lastKnownFileType = "wrapper.plug-in"; path = Settings.bundle; sourceTree = "<group>"; };
		0D5F4A7621A3121F00D443CC /* CUU.plist */ = {isa = PBXFileReference; lastKnownFileType = text.plist.xml; path = CUU.plist; sourceTree = "<group>"; };
		0D9DBF3121A33D39004D445B /* DetailViewController.swift */ = {isa = PBXFileReference; lastKnownFileType = sourcecode.swift; path = DetailViewController.swift; sourceTree = "<group>"; };
		0DD194BB21A31BE7001F8EA5 /* ListViewController.swift */ = {isa = PBXFileReference; lastKnownFileType = sourcecode.swift; path = ListViewController.swift; sourceTree = "<group>"; };
		0DF3077121B7DBC4007D57D6 /* LineView.xib */ = {isa = PBXFileReference; lastKnownFileType = file.xib; path = LineView.xib; sourceTree = "<group>"; };
		0DF3077321B7DBE0007D57D6 /* LineView.swift */ = {isa = PBXFileReference; lastKnownFileType = sourcecode.swift; path = LineView.swift; sourceTree = "<group>"; };
		0DF3077B21B7E067007D57D6 /* AttachmentView.xib */ = {isa = PBXFileReference; fileEncoding = 4; lastKnownFileType = file.xib; path = AttachmentView.xib; sourceTree = "<group>"; };
		0DF3077D21B7E070007D57D6 /* AttachmentView.swift */ = {isa = PBXFileReference; fileEncoding = 4; lastKnownFileType = sourcecode.swift; path = AttachmentView.swift; sourceTree = "<group>"; };
		5EC4072921A8331100A64106 /* DataHandler.swift */ = {isa = PBXFileReference; lastKnownFileType = sourcecode.swift; path = DataHandler.swift; sourceTree = "<group>"; };
		67865FE4559F021B51E7D3CF /* Pods_ios1819capgemini.framework */ = {isa = PBXFileReference; explicitFileType = wrapper.framework; includeInIndex = 0; path = Pods_ios1819capgemini.framework; sourceTree = BUILT_PRODUCTS_DIR; };
		9021D48F21E78EF2000E7EAD /* AnyAttachment.swift */ = {isa = PBXFileReference; lastKnownFileType = sourcecode.swift; path = AnyAttachment.swift; sourceTree = "<group>"; };
		904AA43421E488CC0027D29E /* DetailViewController+AVAudioRecorderDelegate.swift */ = {isa = PBXFileReference; fileEncoding = 4; lastKnownFileType = sourcecode.swift; path = "DetailViewController+AVAudioRecorderDelegate.swift"; sourceTree = "<group>"; };
		904AA43B21E492ED0027D29E /* DetailViewController+UIDocumentMenuDelegate.swift */ = {isa = PBXFileReference; lastKnownFileType = sourcecode.swift; path = "DetailViewController+UIDocumentMenuDelegate.swift"; sourceTree = "<group>"; };
		904AA43D21E493B40027D29E /* TextDocument.swift */ = {isa = PBXFileReference; lastKnownFileType = sourcecode.swift; path = TextDocument.swift; sourceTree = "<group>"; };
		904AA43F21E4994F0027D29E /* ios1819capgemini.entitlements */ = {isa = PBXFileReference; lastKnownFileType = text.plist.entitlements; path = ios1819capgemini.entitlements; sourceTree = "<group>"; };
		905C158E21C9CD9800182B14 /* DetailViewController+AVAudioRecorderDelegate.swift */ = {isa = PBXFileReference; lastKnownFileType = sourcecode.swift; path = "DetailViewController+AVAudioRecorderDelegate.swift"; sourceTree = "<group>"; };
		905C159021C9D08400182B14 /* Audio.swift */ = {isa = PBXFileReference; lastKnownFileType = sourcecode.swift; path = Audio.swift; sourceTree = "<group>"; };
		9082AF6421A561D200CA8E80 /* CarPart.swift */ = {isa = PBXFileReference; fileEncoding = 4; lastKnownFileType = sourcecode.swift; path = CarPart.swift; sourceTree = "<group>"; };
		9082AF6521A561D200CA8E80 /* Car.swift */ = {isa = PBXFileReference; fileEncoding = 4; lastKnownFileType = sourcecode.swift; path = Car.swift; sourceTree = "<group>"; };
		9082AF6621A561D200CA8E80 /* Incident.swift */ = {isa = PBXFileReference; fileEncoding = 4; lastKnownFileType = sourcecode.swift; path = Incident.swift; sourceTree = "<group>"; };
		9082AF6721A561D200CA8E80 /* CarPartItem.swift */ = {isa = PBXFileReference; fileEncoding = 4; lastKnownFileType = sourcecode.swift; path = CarPartItem.swift; sourceTree = "<group>"; };
		9082AF6821A561D200CA8E80 /* CarPartComponent.swift */ = {isa = PBXFileReference; fileEncoding = 4; lastKnownFileType = sourcecode.swift; path = CarPartComponent.swift; sourceTree = "<group>"; };
		9082AF6921A561D200CA8E80 /* Attachment.swift */ = {isa = PBXFileReference; fileEncoding = 4; lastKnownFileType = sourcecode.swift; path = Attachment.swift; sourceTree = "<group>"; };
		908466ED21B6C6E500A3C80C /* Photo.swift */ = {isa = PBXFileReference; lastKnownFileType = sourcecode.swift; path = Photo.swift; sourceTree = "<group>"; };
		908466EF21B6C85B00A3C80C /* PhotoViewController.swift */ = {isa = PBXFileReference; lastKnownFileType = sourcecode.swift; path = PhotoViewController.swift; sourceTree = "<group>"; };
		908466F121B6D11800A3C80C /* AttachmentViewCell.swift */ = {isa = PBXFileReference; lastKnownFileType = sourcecode.swift; path = AttachmentViewCell.swift; sourceTree = "<group>"; };
		90903D1E21B68DE400DA4C7E /* CollectionViewCell.swift */ = {isa = PBXFileReference; lastKnownFileType = sourcecode.swift; path = CollectionViewCell.swift; sourceTree = "<group>"; };
		90C7377721B5368D008AD568 /* stickerTest.mlmodel */ = {isa = PBXFileReference; lastKnownFileType = file.mlmodel; name = stickerTest.mlmodel; path = ../stickerTest.mlmodel; sourceTree = "<group>"; };
		90C7377921B56B96008AD568 /* AttachmentViewController+UIImagePickerControllerDelegate.swift */ = {isa = PBXFileReference; lastKnownFileType = sourcecode.swift; path = "AttachmentViewController+UIImagePickerControllerDelegate.swift"; sourceTree = "<group>"; };
		90C7377B21B56BF6008AD568 /* PhotoCollectionViewCell.swift */ = {isa = PBXFileReference; lastKnownFileType = sourcecode.swift; path = PhotoCollectionViewCell.swift; sourceTree = "<group>"; };
		90C7377D21B56C15008AD568 /* VideoCollectionViewCell.swift */ = {isa = PBXFileReference; lastKnownFileType = sourcecode.swift; path = VideoCollectionViewCell.swift; sourceTree = "<group>"; };
		90C7377F21B56D0B008AD568 /* AttachmentViewController+UICollectionViewDataSource.swift */ = {isa = PBXFileReference; lastKnownFileType = sourcecode.swift; path = "AttachmentViewController+UICollectionViewDataSource.swift"; sourceTree = "<group>"; };
		90CB845721AD9E1B00CA1C09 /* BoundingBox.swift */ = {isa = PBXFileReference; fileEncoding = 4; lastKnownFileType = sourcecode.swift; path = BoundingBox.swift; sourceTree = "<group>"; };
		90CB845821AD9E1B00CA1C09 /* NonMaxSuppression.swift */ = {isa = PBXFileReference; fileEncoding = 4; lastKnownFileType = sourcecode.swift; path = NonMaxSuppression.swift; sourceTree = "<group>"; };
		90CB845921AD9E1B00CA1C09 /* SSDPostprocessor.swift */ = {isa = PBXFileReference; fileEncoding = 4; lastKnownFileType = sourcecode.swift; path = SSDPostprocessor.swift; sourceTree = "<group>"; };
		90CB845A21AD9E1B00CA1C09 /* Anchors.swift */ = {isa = PBXFileReference; fileEncoding = 4; lastKnownFileType = sourcecode.swift; path = Anchors.swift; sourceTree = "<group>"; };
		90CB845F21AD9F4100CA1C09 /* StickerDetector.mlmodel */ = {isa = PBXFileReference; lastKnownFileType = file.mlmodel; path = StickerDetector.mlmodel; sourceTree = "<group>"; };
		90CB846121ADA08E00CA1C09 /* Utilities.swift */ = {isa = PBXFileReference; lastKnownFileType = sourcecode.swift; path = Utilities.swift; sourceTree = "<group>"; };
		90CB846321ADAAF700CA1C09 /* Anchors1.swift */ = {isa = PBXFileReference; lastKnownFileType = sourcecode.swift; path = Anchors1.swift; sourceTree = "<group>"; };
		90CB846521ADAB0500CA1C09 /* Anchors2.swift */ = {isa = PBXFileReference; lastKnownFileType = sourcecode.swift; path = Anchors2.swift; sourceTree = "<group>"; };
		90CB846721ADAB1100CA1C09 /* Anchors3.swift */ = {isa = PBXFileReference; lastKnownFileType = sourcecode.swift; path = Anchors3.swift; sourceTree = "<group>"; };
		90CB846921ADAB1A00CA1C09 /* Anchors4.swift */ = {isa = PBXFileReference; lastKnownFileType = sourcecode.swift; path = Anchors4.swift; sourceTree = "<group>"; };
		90CB846B21ADAB2100CA1C09 /* Anchors5.swift */ = {isa = PBXFileReference; lastKnownFileType = sourcecode.swift; path = Anchors5.swift; sourceTree = "<group>"; };
		90CB846D21ADAB2800CA1C09 /* Anchors6.swift */ = {isa = PBXFileReference; lastKnownFileType = sourcecode.swift; path = Anchors6.swift; sourceTree = "<group>"; };
		90CB846F21ADAB3100CA1C09 /* Anchors7.swift */ = {isa = PBXFileReference; lastKnownFileType = sourcecode.swift; path = Anchors7.swift; sourceTree = "<group>"; };
		90CB847121ADAB3700CA1C09 /* Anchors8.swift */ = {isa = PBXFileReference; lastKnownFileType = sourcecode.swift; path = Anchors8.swift; sourceTree = "<group>"; };
		90CB847321ADAB3F00CA1C09 /* Anchors9.swift */ = {isa = PBXFileReference; lastKnownFileType = sourcecode.swift; path = Anchors9.swift; sourceTree = "<group>"; };
		90CB847521ADAB8B00CA1C09 /* Anchors10.swift */ = {isa = PBXFileReference; lastKnownFileType = sourcecode.swift; path = Anchors10.swift; sourceTree = "<group>"; };
		90D3451221B3FF29009EF79E /* AttachmentViewController.swift */ = {isa = PBXFileReference; lastKnownFileType = sourcecode.swift; path = AttachmentViewController.swift; sourceTree = "<group>"; };
		90D3453021B44C34009EF79E /* Video.swift */ = {isa = PBXFileReference; fileEncoding = 4; lastKnownFileType = sourcecode.swift; path = Video.swift; sourceTree = "<group>"; };
		A66447E42192121300B2D32B /* ios1819capgemini.app */ = {isa = PBXFileReference; explicitFileType = wrapper.application; includeInIndex = 0; path = ios1819capgemini.app; sourceTree = BUILT_PRODUCTS_DIR; };
		A66447E72192121300B2D32B /* AppDelegate.swift */ = {isa = PBXFileReference; lastKnownFileType = sourcecode.swift; path = AppDelegate.swift; sourceTree = "<group>"; };
		A66447E92192121300B2D32B /* ARViewController.swift */ = {isa = PBXFileReference; lastKnownFileType = sourcecode.swift; path = ARViewController.swift; sourceTree = "<group>"; };
		A66447EC2192121300B2D32B /* Base */ = {isa = PBXFileReference; lastKnownFileType = file.storyboard; name = Base; path = Base.lproj/Main.storyboard; sourceTree = "<group>"; };
		A66447EE2192121300B2D32B /* Assets.xcassets */ = {isa = PBXFileReference; lastKnownFileType = folder.assetcatalog; path = Assets.xcassets; sourceTree = "<group>"; };
		A66447F12192121300B2D32B /* Base */ = {isa = PBXFileReference; lastKnownFileType = file.storyboard; name = Base; path = Base.lproj/LaunchScreen.storyboard; sourceTree = "<group>"; };
		A66447F32192121300B2D32B /* Info.plist */ = {isa = PBXFileReference; lastKnownFileType = text.plist.xml; path = Info.plist; sourceTree = "<group>"; };
		B30A475321CFBC58007049F8 /* art.scnassets */ = {isa = PBXFileReference; lastKnownFileType = wrapper.scnassets; path = art.scnassets; sourceTree = "<group>"; };
		B30A475421CFBC58007049F8 /* Assets.xcassets */ = {isa = PBXFileReference; lastKnownFileType = folder.assetcatalog; path = Assets.xcassets; sourceTree = "<group>"; };
		B30A475621CFBC59007049F8 /* ThresholdRotationGestureRecognizer.swift */ = {isa = PBXFileReference; fileEncoding = 4; lastKnownFileType = sourcecode.swift; path = ThresholdRotationGestureRecognizer.swift; sourceTree = "<group>"; };
		B30A475721CFBC59007049F8 /* ThresholdPinchGestureRecognizer.swift */ = {isa = PBXFileReference; fileEncoding = 4; lastKnownFileType = sourcecode.swift; path = ThresholdPinchGestureRecognizer.swift; sourceTree = "<group>"; };
		B30A475821CFBC59007049F8 /* ThresholdPanGestureRecognizer.swift */ = {isa = PBXFileReference; fileEncoding = 4; lastKnownFileType = sourcecode.swift; path = ThresholdPanGestureRecognizer.swift; sourceTree = "<group>"; };
		B30A475A21CFBC59007049F8 /* MessageLabel.swift */ = {isa = PBXFileReference; fileEncoding = 4; lastKnownFileType = sourcecode.swift; path = MessageLabel.swift; sourceTree = "<group>"; };
		B30A475B21CFBC59007049F8 /* FlashlightButton.swift */ = {isa = PBXFileReference; fileEncoding = 4; lastKnownFileType = sourcecode.swift; path = FlashlightButton.swift; sourceTree = "<group>"; };
		B30A475C21CFBC59007049F8 /* RoundedButton.swift */ = {isa = PBXFileReference; fileEncoding = 4; lastKnownFileType = sourcecode.swift; path = RoundedButton.swift; sourceTree = "<group>"; };
		B30A475E21CFBC59007049F8 /* ScannedPointCloud.swift */ = {isa = PBXFileReference; fileEncoding = 4; lastKnownFileType = sourcecode.swift; path = ScannedPointCloud.swift; sourceTree = "<group>"; };
		B30A475F21CFBC59007049F8 /* ScannedObject.swift */ = {isa = PBXFileReference; fileEncoding = 4; lastKnownFileType = sourcecode.swift; path = ScannedObject.swift; sourceTree = "<group>"; };
		B30A476021CFBC59007049F8 /* Wireframe.swift */ = {isa = PBXFileReference; fileEncoding = 4; lastKnownFileType = sourcecode.swift; path = Wireframe.swift; sourceTree = "<group>"; };
		B30A476121CFBC59007049F8 /* ScanBoundingBox.swift */ = {isa = PBXFileReference; fileEncoding = 4; lastKnownFileType = sourcecode.swift; path = ScanBoundingBox.swift; sourceTree = "<group>"; };
		B30A476221CFBC59007049F8 /* BoundingBoxSide.swift */ = {isa = PBXFileReference; fileEncoding = 4; lastKnownFileType = sourcecode.swift; path = BoundingBoxSide.swift; sourceTree = "<group>"; };
		B30A476321CFBC59007049F8 /* DetectedObject.swift */ = {isa = PBXFileReference; fileEncoding = 4; lastKnownFileType = sourcecode.swift; path = DetectedObject.swift; sourceTree = "<group>"; };
		B30A476421CFBC59007049F8 /* Snapping.swift */ = {isa = PBXFileReference; fileEncoding = 4; lastKnownFileType = sourcecode.swift; path = Snapping.swift; sourceTree = "<group>"; };
		B30A476521CFBC59007049F8 /* DetectedPointCloud.swift */ = {isa = PBXFileReference; fileEncoding = 4; lastKnownFileType = sourcecode.swift; path = DetectedPointCloud.swift; sourceTree = "<group>"; };
		B30A476621CFBC59007049F8 /* ObjectOriginAxis.swift */ = {isa = PBXFileReference; fileEncoding = 4; lastKnownFileType = sourcecode.swift; path = ObjectOriginAxis.swift; sourceTree = "<group>"; };
		B30A476721CFBC59007049F8 /* PointCloud+CreateVisualization.swift */ = {isa = PBXFileReference; fileEncoding = 4; lastKnownFileType = sourcecode.swift; path = "PointCloud+CreateVisualization.swift"; sourceTree = "<group>"; };
		B30A476821CFBC59007049F8 /* DetectedBoundingBox.swift */ = {isa = PBXFileReference; fileEncoding = 4; lastKnownFileType = sourcecode.swift; path = DetectedBoundingBox.swift; sourceTree = "<group>"; };
		B30A476921CFBC59007049F8 /* Tile.swift */ = {isa = PBXFileReference; fileEncoding = 4; lastKnownFileType = sourcecode.swift; path = Tile.swift; sourceTree = "<group>"; };
		B30A476A21CFBC59007049F8 /* ObjectOrigin.swift */ = {isa = PBXFileReference; fileEncoding = 4; lastKnownFileType = sourcecode.swift; path = ObjectOrigin.swift; sourceTree = "<group>"; };
		B30A476C21CFBC59007049F8 /* TestRun.swift */ = {isa = PBXFileReference; fileEncoding = 4; lastKnownFileType = sourcecode.swift; path = TestRun.swift; sourceTree = "<group>"; };
		B30A476D21CFBC59007049F8 /* ViewController.swift */ = {isa = PBXFileReference; fileEncoding = 4; lastKnownFileType = sourcecode.swift; path = ViewController.swift; sourceTree = "<group>"; };
		B30A476E21CFBC59007049F8 /* ViewController+NavigationBar.swift */ = {isa = PBXFileReference; fileEncoding = 4; lastKnownFileType = sourcecode.swift; path = "ViewController+NavigationBar.swift"; sourceTree = "<group>"; };
		B30A476F21CFBC59007049F8 /* ViewController+SessionInfo.swift */ = {isa = PBXFileReference; fileEncoding = 4; lastKnownFileType = sourcecode.swift; path = "ViewController+SessionInfo.swift"; sourceTree = "<group>"; };
		B30A477021CFBC59007049F8 /* ShareScanViewController.swift */ = {isa = PBXFileReference; fileEncoding = 4; lastKnownFileType = sourcecode.swift; path = ShareScanViewController.swift; sourceTree = "<group>"; };
		B30A477221CFBC59007049F8 /* ViewController+Gestures.swift */ = {isa = PBXFileReference; fileEncoding = 4; lastKnownFileType = sourcecode.swift; path = "ViewController+Gestures.swift"; sourceTree = "<group>"; };
		B30A477321CFBC59007049F8 /* Scan.swift */ = {isa = PBXFileReference; fileEncoding = 4; lastKnownFileType = sourcecode.swift; path = Scan.swift; sourceTree = "<group>"; };
		B30A477421CFBC59007049F8 /* ViewController+ApplicationState.swift */ = {isa = PBXFileReference; fileEncoding = 4; lastKnownFileType = sourcecode.swift; path = "ViewController+ApplicationState.swift"; sourceTree = "<group>"; };
		B30A477621CFBC59007049F8 /* ScannerAppUtilities.swift */ = {isa = PBXFileReference; fileEncoding = 4; lastKnownFileType = sourcecode.swift; path = ScannerAppUtilities.swift; sourceTree = "<group>"; };
		B30A477721CFBC59007049F8 /* ARCameraTrackingState.swift */ = {isa = PBXFileReference; fileEncoding = 4; lastKnownFileType = sourcecode.swift; path = ARCameraTrackingState.swift; sourceTree = "<group>"; };
		BA09652021CEE59F00174922 /* StatusViewController.swift */ = {isa = PBXFileReference; lastKnownFileType = sourcecode.swift; path = StatusViewController.swift; sourceTree = "<group>"; };
		BA09652221CEEA0800174922 /* ARViewControllerStatusbar.swift */ = {isa = PBXFileReference; lastKnownFileType = sourcecode.swift; path = ARViewControllerStatusbar.swift; sourceTree = "<group>"; };
		BA6972E521D854E200F919EF /* ARViewControllerScreenshot.swift */ = {isa = PBXFileReference; lastKnownFileType = sourcecode.swift; path = ARViewControllerScreenshot.swift; sourceTree = "<group>"; };
		BA6972E721D8557D00F919EF /* ARViewControllerNavigation.swift */ = {isa = PBXFileReference; lastKnownFileType = sourcecode.swift; path = ARViewControllerNavigation.swift; sourceTree = "<group>"; };
		BE18F72821E8A7B200057A0C /* ARModelsCollectionViewCell.swift */ = {isa = PBXFileReference; lastKnownFileType = sourcecode.swift; path = ARModelsCollectionViewCell.swift; sourceTree = "<group>"; };
		BE18F72A21E8A84F00057A0C /* ModelViewController.swift */ = {isa = PBXFileReference; lastKnownFileType = sourcecode.swift; path = ModelViewController.swift; sourceTree = "<group>"; };
		BAD6B88321E79CF200701698 /* ARViewControllerMultiUserExtension.swift */ = {isa = PBXFileReference; lastKnownFileType = sourcecode.swift; path = ARViewControllerMultiUserExtension.swift; sourceTree = "<group>"; };
		BAD6B88521E79E7900701698 /* MultipeerSession.swift */ = {isa = PBXFileReference; lastKnownFileType = sourcecode.swift; path = MultipeerSession.swift; sourceTree = "<group>"; };
		BAD6B88721E7A2A100701698 /* ARViewControllerStatusBarExtension.swift */ = {isa = PBXFileReference; lastKnownFileType = sourcecode.swift; path = ARViewControllerStatusBarExtension.swift; sourceTree = "<group>"; };
		BE5BAF8121A16B1B00CEBB3C /* CUU.framework */ = {isa = PBXFileReference; explicitFileType = wrapper.framework; path = CUU.framework; sourceTree = BUILT_PRODUCTS_DIR; };
		E590CB3B090CC7CD8999AD88 /* Pods-ios1819capgemini.debug.xcconfig */ = {isa = PBXFileReference; includeInIndex = 1; lastKnownFileType = text.xcconfig; name = "Pods-ios1819capgemini.debug.xcconfig"; path = "Pods/Target Support Files/Pods-ios1819capgemini/Pods-ios1819capgemini.debug.xcconfig"; sourceTree = "<group>"; };
/* End PBXFileReference section */

/* Begin PBXFrameworksBuildPhase section */
		A66447E12192121300B2D32B /* Frameworks */ = {
			isa = PBXFrameworksBuildPhase;
			buildActionMask = 2147483647;
			files = (
				BE5BAF8221A16B1B00CEBB3C /* CUU.framework in Frameworks */,
				D2116AFA6D957C3B4D9F2CE7 /* Pods_ios1819capgemini.framework in Frameworks */,
			);
			runOnlyForDeploymentPostprocessing = 0;
		};
/* End PBXFrameworksBuildPhase section */

/* Begin PBXGroup section */
		0D5F4A7821A317AB00D443CC /* Controller */ = {
			isa = PBXGroup;
			children = (
				A66447E92192121300B2D32B /* ARViewController.swift */,
				BAD6B88721E7A2A100701698 /* ARViewControllerStatusBarExtension.swift */,
				BAD6B88321E79CF200701698 /* ARViewControllerMultiUserExtension.swift */,
				BA6972E521D854E200F919EF /* ARViewControllerScreenshot.swift */,
				BA6972E721D8557D00F919EF /* ARViewControllerNavigation.swift */,
				BA09652221CEEA0800174922 /* ARViewControllerStatusbar.swift */,
				0DD194BB21A31BE7001F8EA5 /* ListViewController.swift */,
				0D9DBF3121A33D39004D445B /* DetailViewController.swift */,
				904AA43B21E492ED0027D29E /* DetailViewController+UIDocumentMenuDelegate.swift */,
				904AA43421E488CC0027D29E /* DetailViewController+AVAudioRecorderDelegate.swift */,
				90D3451221B3FF29009EF79E /* AttachmentViewController.swift */,
				90C7377921B56B96008AD568 /* AttachmentViewController+UIImagePickerControllerDelegate.swift */,
				90C7377F21B56D0B008AD568 /* AttachmentViewController+UICollectionViewDataSource.swift */,
				908466EF21B6C85B00A3C80C /* PhotoViewController.swift */,
				908466F121B6D11800A3C80C /* AttachmentViewCell.swift */,
				BA09652021CEE59F00174922 /* StatusViewController.swift */,
				BE18F72A21E8A84F00057A0C /* ModelViewController.swift */,
				904AA43421E488CC0027D29E /* DetailViewController+AVAudioRecorderDelegate.swift */,
				904AA43B21E492ED0027D29E /* DetailViewController+UIDocumentMenuDelegate.swift */,
			);
			path = Controller;
			sourceTree = "<group>";
		};
		0D5F4A7921A317B500D443CC /* View */ = {
			isa = PBXGroup;
			children = (
				A66447EB2192121300B2D32B /* Main.storyboard */,
				A66447F02192121300B2D32B /* LaunchScreen.storyboard */,
				90C7377B21B56BF6008AD568 /* PhotoCollectionViewCell.swift */,
				90C7377D21B56C15008AD568 /* VideoCollectionViewCell.swift */,
				90903D1E21B68DE400DA4C7E /* CollectionViewCell.swift */,
				0DF3077121B7DBC4007D57D6 /* LineView.xib */,
				0DF3077321B7DBE0007D57D6 /* LineView.swift */,
				0DF3077B21B7E067007D57D6 /* AttachmentView.xib */,
				0DF3077D21B7E070007D57D6 /* AttachmentView.swift */,
				BE18F72821E8A7B200057A0C /* ARModelsCollectionViewCell.swift */,
			);
			path = View;
			sourceTree = "<group>";
		};
		253FA3086DD92FE99E3DF7A7 /* Frameworks */ = {
			isa = PBXGroup;
			children = (
				BE5BAF8121A16B1B00CEBB3C /* CUU.framework */,
				67865FE4559F021B51E7D3CF /* Pods_ios1819capgemini.framework */,
			);
			name = Frameworks;
			sourceTree = "<group>";
		};
		904AA43121E4871F0027D29E /* Recovered References */ = {
			isa = PBXGroup;
			children = (
				905C158E21C9CD9800182B14 /* DetailViewController+AVAudioRecorderDelegate.swift */,
			);
			name = "Recovered References";
			sourceTree = "<group>";
		};
		9082AF6321A5618100CA8E80 /* Model */ = {
			isa = PBXGroup;
			children = (
				9082AF6521A561D200CA8E80 /* Car.swift */,
				9082AF6421A561D200CA8E80 /* CarPart.swift */,
				9082AF6821A561D200CA8E80 /* CarPartComponent.swift */,
				9082AF6721A561D200CA8E80 /* CarPartItem.swift */,
				9082AF6621A561D200CA8E80 /* Incident.swift */,
				5EC4072921A8331100A64106 /* DataHandler.swift */,
			);
			name = Model;
			path = "New Group";
			sourceTree = "<group>";
		};
		90CB845621AD9D4100CA1C09 /* Scratch Detection */ = {
			isa = PBXGroup;
			children = (
				90C7377721B5368D008AD568 /* stickerTest.mlmodel */,
				90CB847721ADAB9500CA1C09 /* Anchors */,
				90CB845F21AD9F4100CA1C09 /* StickerDetector.mlmodel */,
				90CB845721AD9E1B00CA1C09 /* BoundingBox.swift */,
				90CB845821AD9E1B00CA1C09 /* NonMaxSuppression.swift */,
				90CB845921AD9E1B00CA1C09 /* SSDPostprocessor.swift */,
				90CB846121ADA08E00CA1C09 /* Utilities.swift */,
			);
			path = "Scratch Detection";
			sourceTree = "<group>";
		};
		90CB847721ADAB9500CA1C09 /* Anchors */ = {
			isa = PBXGroup;
			children = (
				90CB845A21AD9E1B00CA1C09 /* Anchors.swift */,
				90CB846321ADAAF700CA1C09 /* Anchors1.swift */,
				90CB846521ADAB0500CA1C09 /* Anchors2.swift */,
				90CB846721ADAB1100CA1C09 /* Anchors3.swift */,
				90CB846921ADAB1A00CA1C09 /* Anchors4.swift */,
				90CB846B21ADAB2100CA1C09 /* Anchors5.swift */,
				90CB846D21ADAB2800CA1C09 /* Anchors6.swift */,
				90CB846F21ADAB3100CA1C09 /* Anchors7.swift */,
				90CB847121ADAB3700CA1C09 /* Anchors8.swift */,
				90CB847321ADAB3F00CA1C09 /* Anchors9.swift */,
				90CB847521ADAB8B00CA1C09 /* Anchors10.swift */,
			);
			path = Anchors;
			sourceTree = "<group>";
		};
		90D3452E21B44C03009EF79E /* Attachment */ = {
			isa = PBXGroup;
			children = (
				9082AF6921A561D200CA8E80 /* Attachment.swift */,
				90D3453021B44C34009EF79E /* Video.swift */,
				908466ED21B6C6E500A3C80C /* Photo.swift */,
				905C159021C9D08400182B14 /* Audio.swift */,
				904AA43D21E493B40027D29E /* TextDocument.swift */,
				9021D48F21E78EF2000E7EAD /* AnyAttachment.swift */,
			);
			path = Attachment;
			sourceTree = "<group>";
		};
		A66447DB2192121200B2D32B = {
			isa = PBXGroup;
			children = (
				A66447E62192121300B2D32B /* ios1819capgemini */,
				A66447E52192121300B2D32B /* Products */,
				D8D30B6BEE4E7F64DA26A3F4 /* Pods */,
				253FA3086DD92FE99E3DF7A7 /* Frameworks */,
				904AA43121E4871F0027D29E /* Recovered References */,
			);
			sourceTree = "<group>";
		};
		A66447E52192121300B2D32B /* Products */ = {
			isa = PBXGroup;
			children = (
				A66447E42192121300B2D32B /* ios1819capgemini.app */,
			);
			name = Products;
			sourceTree = "<group>";
		};
		A66447E62192121300B2D32B /* ios1819capgemini */ = {
			isa = PBXGroup;
			children = (
				904AA43F21E4994F0027D29E /* ios1819capgemini.entitlements */,
				90D3452E21B44C03009EF79E /* Attachment */,
				90CB845621AD9D4100CA1C09 /* Scratch Detection */,
				9082AF6321A5618100CA8E80 /* Model */,
				A66447E72192121300B2D32B /* AppDelegate.swift */,
				BAD6B88521E79E7900701698 /* MultipeerSession.swift */,
				0D1F63FA21E7A01000AFC29A /* Settings.bundle */,
				0D5F4A7621A3121F00D443CC /* CUU.plist */,
				A66447F32192121300B2D32B /* Info.plist */,
				B30A475221CFBC32007049F8 /* ScannerApp */,
				0D5F4A7921A317B500D443CC /* View */,
				0D5F4A7821A317AB00D443CC /* Controller */,
				A66447EE2192121300B2D32B /* Assets.xcassets */,
			);
			path = ios1819capgemini;
			sourceTree = "<group>";
		};
		B30A475221CFBC32007049F8 /* ScannerApp */ = {
			isa = PBXGroup;
			children = (
				B30A475D21CFBC59007049F8 /* 3D UI and Visualizations  */,
				B30A475321CFBC58007049F8 /* art.scnassets */,
				B30A475421CFBC58007049F8 /* Assets.xcassets */,
				B30A476B21CFBC59007049F8 /* Controllers */,
				B30A475521CFBC59007049F8 /* Gesture Recognizers */,
				B30A477521CFBC59007049F8 /* Utility Extensions */,
				B30A475921CFBC59007049F8 /* Views */,
			);
			path = ScannerApp;
			sourceTree = "<group>";
		};
		B30A475521CFBC59007049F8 /* Gesture Recognizers */ = {
			isa = PBXGroup;
			children = (
				B30A475621CFBC59007049F8 /* ThresholdRotationGestureRecognizer.swift */,
				B30A475721CFBC59007049F8 /* ThresholdPinchGestureRecognizer.swift */,
				B30A475821CFBC59007049F8 /* ThresholdPanGestureRecognizer.swift */,
			);
			path = "Gesture Recognizers";
			sourceTree = "<group>";
		};
		B30A475921CFBC59007049F8 /* Views */ = {
			isa = PBXGroup;
			children = (
				B30A475A21CFBC59007049F8 /* MessageLabel.swift */,
				B30A475B21CFBC59007049F8 /* FlashlightButton.swift */,
				B30A475C21CFBC59007049F8 /* RoundedButton.swift */,
			);
			path = Views;
			sourceTree = "<group>";
		};
		B30A475D21CFBC59007049F8 /* 3D UI and Visualizations  */ = {
			isa = PBXGroup;
			children = (
				B30A475E21CFBC59007049F8 /* ScannedPointCloud.swift */,
				B30A475F21CFBC59007049F8 /* ScannedObject.swift */,
				B30A476021CFBC59007049F8 /* Wireframe.swift */,
				B30A476121CFBC59007049F8 /* ScanBoundingBox.swift */,
				B30A476221CFBC59007049F8 /* BoundingBoxSide.swift */,
				B30A476321CFBC59007049F8 /* DetectedObject.swift */,
				B30A476421CFBC59007049F8 /* Snapping.swift */,
				B30A476521CFBC59007049F8 /* DetectedPointCloud.swift */,
				B30A476621CFBC59007049F8 /* ObjectOriginAxis.swift */,
				B30A476721CFBC59007049F8 /* PointCloud+CreateVisualization.swift */,
				B30A476821CFBC59007049F8 /* DetectedBoundingBox.swift */,
				B30A476921CFBC59007049F8 /* Tile.swift */,
				B30A476A21CFBC59007049F8 /* ObjectOrigin.swift */,
			);
			path = "3D UI and Visualizations ";
			sourceTree = "<group>";
		};
		B30A476B21CFBC59007049F8 /* Controllers */ = {
			isa = PBXGroup;
			children = (
				B30A476C21CFBC59007049F8 /* TestRun.swift */,
				B30A476D21CFBC59007049F8 /* ViewController.swift */,
				B30A476E21CFBC59007049F8 /* ViewController+NavigationBar.swift */,
				B30A476F21CFBC59007049F8 /* ViewController+SessionInfo.swift */,
				B30A477021CFBC59007049F8 /* ShareScanViewController.swift */,
				B30A477221CFBC59007049F8 /* ViewController+Gestures.swift */,
				B30A477321CFBC59007049F8 /* Scan.swift */,
				B30A477421CFBC59007049F8 /* ViewController+ApplicationState.swift */,
			);
			path = Controllers;
			sourceTree = "<group>";
		};
		B30A477521CFBC59007049F8 /* Utility Extensions */ = {
			isa = PBXGroup;
			children = (
				B30A477621CFBC59007049F8 /* ScannerAppUtilities.swift */,
				B30A477721CFBC59007049F8 /* ARCameraTrackingState.swift */,
			);
			path = "Utility Extensions";
			sourceTree = "<group>";
		};
		D8D30B6BEE4E7F64DA26A3F4 /* Pods */ = {
			isa = PBXGroup;
			children = (
				E590CB3B090CC7CD8999AD88 /* Pods-ios1819capgemini.debug.xcconfig */,
				0CDB5AF4C15D59DC7C04B3EA /* Pods-ios1819capgemini.release.xcconfig */,
			);
			name = Pods;
			sourceTree = "<group>";
		};
/* End PBXGroup section */

/* Begin PBXNativeTarget section */
		A66447E32192121300B2D32B /* ios1819capgemini */ = {
			isa = PBXNativeTarget;
			buildConfigurationList = A66447F62192121300B2D32B /* Build configuration list for PBXNativeTarget "ios1819capgemini" */;
			buildPhases = (
				F74D6D0CFD3BF5C8C2BCD1B3 /* [CP] Check Pods Manifest.lock */,
				A66447E02192121300B2D32B /* Sources */,
				A66447E12192121300B2D32B /* Frameworks */,
				A66447E22192121300B2D32B /* Resources */,
				2BB4D6BE2094823F903AE34C /* [CP] Embed Pods Frameworks */,
				A6055265219B5416003F773D /* ShellScript */,
			);
			buildRules = (
			);
			dependencies = (
			);
			name = ios1819capgemini;
			productName = ios1819capgemini;
			productReference = A66447E42192121300B2D32B /* ios1819capgemini.app */;
			productType = "com.apple.product-type.application";
		};
/* End PBXNativeTarget section */

/* Begin PBXProject section */
		A66447DC2192121200B2D32B /* Project object */ = {
			isa = PBXProject;
			attributes = {
				LastSwiftUpdateCheck = 1000;
				LastUpgradeCheck = 1000;
				ORGANIZATIONNAME = "TUM LS1";
				TargetAttributes = {
					A66447E32192121300B2D32B = {
						CreatedOnToolsVersion = 10.0;
						LastSwiftMigration = 1010;
						SystemCapabilities = {
							com.apple.Keychain = {
								enabled = 1;
							};
							com.apple.iCloud = {
								enabled = 1;
							};
						};
					};
				};
			};
			buildConfigurationList = A66447DF2192121200B2D32B /* Build configuration list for PBXProject "ios1819capgemini" */;
			compatibilityVersion = "Xcode 9.3";
			developmentRegion = en;
			hasScannedForEncodings = 0;
			knownRegions = (
				en,
				Base,
			);
			mainGroup = A66447DB2192121200B2D32B;
			productRefGroup = A66447E52192121300B2D32B /* Products */;
			projectDirPath = "";
			projectRoot = "";
			targets = (
				A66447E32192121300B2D32B /* ios1819capgemini */,
			);
		};
/* End PBXProject section */

/* Begin PBXResourcesBuildPhase section */
		A66447E22192121300B2D32B /* Resources */ = {
			isa = PBXResourcesBuildPhase;
			buildActionMask = 2147483647;
			files = (
				0D5F4A7721A3121F00D443CC /* CUU.plist in Resources */,
				A66447F22192121300B2D32B /* LaunchScreen.storyboard in Resources */,
				A66447EF2192121300B2D32B /* Assets.xcassets in Resources */,
				B30A477821CFBC59007049F8 /* art.scnassets in Resources */,
				0DF3077221B7DBC4007D57D6 /* LineView.xib in Resources */,
				A66447ED2192121300B2D32B /* Main.storyboard in Resources */,
				B30A477921CFBC59007049F8 /* Assets.xcassets in Resources */,
				0D1F63FB21E7A01000AFC29A /* Settings.bundle in Resources */,
				0DF3077C21B7E067007D57D6 /* AttachmentView.xib in Resources */,
			);
			runOnlyForDeploymentPostprocessing = 0;
		};
/* End PBXResourcesBuildPhase section */

/* Begin PBXShellScriptBuildPhase section */
		2BB4D6BE2094823F903AE34C /* [CP] Embed Pods Frameworks */ = {
			isa = PBXShellScriptBuildPhase;
			buildActionMask = 2147483647;
			files = (
			);
			inputFileListPaths = (
			);
			inputPaths = (
				"${SRCROOT}/Pods/Target Support Files/Pods-ios1819capgemini/Pods-ios1819capgemini-frameworks.sh",
				"${BUILT_PRODUCTS_DIR}/CUU/CUU.framework",
				"${BUILT_PRODUCTS_DIR}/INSPhotoGallery/INSPhotoGallery.framework",
				"${BUILT_PRODUCTS_DIR}/KeychainSwift/KeychainSwift.framework",
				"${BUILT_PRODUCTS_DIR}/Prototype/Prototype.framework",
				"${BUILT_PRODUCTS_DIR}/Prototyper/Prototyper.framework",
				"${BUILT_PRODUCTS_DIR}/UICircularProgressRing/UICircularProgressRing.framework",
			);
			name = "[CP] Embed Pods Frameworks";
			outputFileListPaths = (
			);
			outputPaths = (
				"${TARGET_BUILD_DIR}/${FRAMEWORKS_FOLDER_PATH}/CUU.framework",
				"${TARGET_BUILD_DIR}/${FRAMEWORKS_FOLDER_PATH}/INSPhotoGallery.framework",
				"${TARGET_BUILD_DIR}/${FRAMEWORKS_FOLDER_PATH}/KeychainSwift.framework",
				"${TARGET_BUILD_DIR}/${FRAMEWORKS_FOLDER_PATH}/Prototype.framework",
				"${TARGET_BUILD_DIR}/${FRAMEWORKS_FOLDER_PATH}/Prototyper.framework",
				"${TARGET_BUILD_DIR}/${FRAMEWORKS_FOLDER_PATH}/UICircularProgressRing.framework",
			);
			runOnlyForDeploymentPostprocessing = 0;
			shellPath = /bin/sh;
			shellScript = "\"${SRCROOT}/Pods/Target Support Files/Pods-ios1819capgemini/Pods-ios1819capgemini-frameworks.sh\"\n";
			showEnvVarsInLog = 0;
		};
		A6055265219B5416003F773D /* ShellScript */ = {
			isa = PBXShellScriptBuildPhase;
			buildActionMask = 2147483647;
			files = (
			);
			inputFileListPaths = (
			);
			inputPaths = (
			);
			outputFileListPaths = (
			);
			outputPaths = (
			);
			runOnlyForDeploymentPostprocessing = 0;
			shellPath = /bin/sh;
			shellScript = "# Type a script or drag a script file from your workspace to insert its path.\n\"${PODS_ROOT}/SwiftLint/swiftlint\"\n";
		};
		F74D6D0CFD3BF5C8C2BCD1B3 /* [CP] Check Pods Manifest.lock */ = {
			isa = PBXShellScriptBuildPhase;
			buildActionMask = 2147483647;
			files = (
			);
			inputFileListPaths = (
			);
			inputPaths = (
				"${PODS_PODFILE_DIR_PATH}/Podfile.lock",
				"${PODS_ROOT}/Manifest.lock",
			);
			name = "[CP] Check Pods Manifest.lock";
			outputFileListPaths = (
			);
			outputPaths = (
				"$(DERIVED_FILE_DIR)/Pods-ios1819capgemini-checkManifestLockResult.txt",
			);
			runOnlyForDeploymentPostprocessing = 0;
			shellPath = /bin/sh;
			shellScript = "diff \"${PODS_PODFILE_DIR_PATH}/Podfile.lock\" \"${PODS_ROOT}/Manifest.lock\" > /dev/null\nif [ $? != 0 ] ; then\n    # print error to STDERR\n    echo \"error: The sandbox is not in sync with the Podfile.lock. Run 'pod install' or update your CocoaPods installation.\" >&2\n    exit 1\nfi\n# This output is used by Xcode 'outputs' to avoid re-running this script phase.\necho \"SUCCESS\" > \"${SCRIPT_OUTPUT_FILE_0}\"\n";
			showEnvVarsInLog = 0;
		};
/* End PBXShellScriptBuildPhase section */

/* Begin PBXSourcesBuildPhase section */
		A66447E02192121300B2D32B /* Sources */ = {
			isa = PBXSourcesBuildPhase;
			buildActionMask = 2147483647;
			files = (
				B30A479721CFBC5A007049F8 /* ARCameraTrackingState.swift in Sources */,
				90C7377E21B56C15008AD568 /* VideoCollectionViewCell.swift in Sources */,
				BE18F72921E8A7B200057A0C /* ARModelsCollectionViewCell.swift in Sources */,
				904AA43E21E493B40027D29E /* TextDocument.swift in Sources */,
				90CB846E21ADAB2800CA1C09 /* Anchors6.swift in Sources */,
				B30A478A21CFBC5A007049F8 /* DetectedBoundingBox.swift in Sources */,
				B30A478B21CFBC5A007049F8 /* Tile.swift in Sources */,
				B30A478421CFBC5A007049F8 /* BoundingBoxSide.swift in Sources */,
				90CB847621ADAB8B00CA1C09 /* Anchors10.swift in Sources */,
				B30A478721CFBC5A007049F8 /* DetectedPointCloud.swift in Sources */,
				9082AF6D21A561D200CA8E80 /* CarPartItem.swift in Sources */,
				904AA43C21E492ED0027D29E /* DetailViewController+UIDocumentMenuDelegate.swift in Sources */,
				B30A477C21CFBC59007049F8 /* ThresholdPanGestureRecognizer.swift in Sources */,
				B30A479321CFBC5A007049F8 /* ViewController+Gestures.swift in Sources */,
				B30A477F21CFBC5A007049F8 /* RoundedButton.swift in Sources */,
				BAD6B88621E79E7900701698 /* MultipeerSession.swift in Sources */,
				B30A479621CFBC5A007049F8 /* ScannerAppUtilities.swift in Sources */,
				5EC4072A21A8331100A64106 /* DataHandler.swift in Sources */,
				B30A477E21CFBC5A007049F8 /* FlashlightButton.swift in Sources */,
				9021D49021E78EF2000E7EAD /* AnyAttachment.swift in Sources */,
				B30A479421CFBC5A007049F8 /* Scan.swift in Sources */,
				B30A479521CFBC5A007049F8 /* ViewController+ApplicationState.swift in Sources */,
				90CB846821ADAB1100CA1C09 /* Anchors3.swift in Sources */,
				905C159121C9D08400182B14 /* Audio.swift in Sources */,
				90CB847421ADAB3F00CA1C09 /* Anchors9.swift in Sources */,
				B30A477A21CFBC59007049F8 /* ThresholdRotationGestureRecognizer.swift in Sources */,
				B30A477B21CFBC59007049F8 /* ThresholdPinchGestureRecognizer.swift in Sources */,
				B30A477D21CFBC59007049F8 /* MessageLabel.swift in Sources */,
				B30A478D21CFBC5A007049F8 /* TestRun.swift in Sources */,
				90CB845E21AD9E1B00CA1C09 /* Anchors.swift in Sources */,
				A66447EA2192121300B2D32B /* ARViewController.swift in Sources */,
				B30A478321CFBC5A007049F8 /* ScanBoundingBox.swift in Sources */,
				B30A478221CFBC5A007049F8 /* Wireframe.swift in Sources */,
				90CB846621ADAB0500CA1C09 /* Anchors2.swift in Sources */,
				BA6972E821D8557D00F919EF /* ARViewControllerNavigation.swift in Sources */,
				908466F021B6C85B00A3C80C /* PhotoViewController.swift in Sources */,
				0DF3077E21B7E070007D57D6 /* AttachmentView.swift in Sources */,
				90903D1F21B68DE400DA4C7E /* CollectionViewCell.swift in Sources */,
				90C7377C21B56BF6008AD568 /* PhotoCollectionViewCell.swift in Sources */,
				908466EE21B6C6E500A3C80C /* Photo.swift in Sources */,
				90CB846021AD9F4100CA1C09 /* StickerDetector.mlmodel in Sources */,
				B30A478021CFBC5A007049F8 /* ScannedPointCloud.swift in Sources */,
				90CB846A21ADAB1A00CA1C09 /* Anchors4.swift in Sources */,
				90CB845B21AD9E1B00CA1C09 /* BoundingBox.swift in Sources */,
				B30A478521CFBC5A007049F8 /* DetectedObject.swift in Sources */,
				B30A478621CFBC5A007049F8 /* Snapping.swift in Sources */,
				0DF3077421B7DBE0007D57D6 /* LineView.swift in Sources */,
				9082AF6A21A561D200CA8E80 /* CarPart.swift in Sources */,
				BA09652321CEEA0800174922 /* ARViewControllerStatusbar.swift in Sources */,
				90CB845D21AD9E1B00CA1C09 /* SSDPostprocessor.swift in Sources */,
				90CB847221ADAB3700CA1C09 /* Anchors8.swift in Sources */,
				90C7378021B56D0B008AD568 /* AttachmentViewController+UICollectionViewDataSource.swift in Sources */,
				9082AF6B21A561D200CA8E80 /* Car.swift in Sources */,
				90C7377A21B56B96008AD568 /* AttachmentViewController+UIImagePickerControllerDelegate.swift in Sources */,
				90CB845C21AD9E1B00CA1C09 /* NonMaxSuppression.swift in Sources */,
				B30A478121CFBC5A007049F8 /* ScannedObject.swift in Sources */,
				BAD6B88421E79CF200701698 /* ARViewControllerMultiUserExtension.swift in Sources */,
				90CB846421ADAAF700CA1C09 /* Anchors1.swift in Sources */,
				B30A478921CFBC5A007049F8 /* PointCloud+CreateVisualization.swift in Sources */,
				B30A479021CFBC5A007049F8 /* ViewController+SessionInfo.swift in Sources */,
				90CB846221ADA08E00CA1C09 /* Utilities.swift in Sources */,
				B30A479121CFBC5A007049F8 /* ShareScanViewController.swift in Sources */,
				B30A478F21CFBC5A007049F8 /* ViewController+NavigationBar.swift in Sources */,
				90D3453321B44C34009EF79E /* Video.swift in Sources */,
				90C7377821B5368D008AD568 /* stickerTest.mlmodel in Sources */,
				B30A478C21CFBC5A007049F8 /* ObjectOrigin.swift in Sources */,
				BA6972E621D854E200F919EF /* ARViewControllerScreenshot.swift in Sources */,
				9082AF6F21A561D200CA8E80 /* Attachment.swift in Sources */,
				908466F221B6D11800A3C80C /* AttachmentViewCell.swift in Sources */,
				90CB846C21ADAB2100CA1C09 /* Anchors5.swift in Sources */,
				A66447E82192121300B2D32B /* AppDelegate.swift in Sources */,
				0DD194BC21A31BE7001F8EA5 /* ListViewController.swift in Sources */,
				9082AF6C21A561D200CA8E80 /* Incident.swift in Sources */,
				904AA43521E488CC0027D29E /* DetailViewController+AVAudioRecorderDelegate.swift in Sources */,
				9082AF6E21A561D200CA8E80 /* CarPartComponent.swift in Sources */,
				BE18F72B21E8A84F00057A0C /* ModelViewController.swift in Sources */,
				B30A478E21CFBC5A007049F8 /* ViewController.swift in Sources */,
				90D3451321B3FF29009EF79E /* AttachmentViewController.swift in Sources */,
				B30A478821CFBC5A007049F8 /* ObjectOriginAxis.swift in Sources */,
				90CB847021ADAB3100CA1C09 /* Anchors7.swift in Sources */,
				BA09652121CEE59F00174922 /* StatusViewController.swift in Sources */,
				0D9DBF3221A33D39004D445B /* DetailViewController.swift in Sources */,
				BAD6B88821E7A2A100701698 /* ARViewControllerStatusBarExtension.swift in Sources */,
			);
			runOnlyForDeploymentPostprocessing = 0;
		};
/* End PBXSourcesBuildPhase section */

/* Begin PBXVariantGroup section */
		A66447EB2192121300B2D32B /* Main.storyboard */ = {
			isa = PBXVariantGroup;
			children = (
				A66447EC2192121300B2D32B /* Base */,
			);
			name = Main.storyboard;
			sourceTree = "<group>";
		};
		A66447F02192121300B2D32B /* LaunchScreen.storyboard */ = {
			isa = PBXVariantGroup;
			children = (
				A66447F12192121300B2D32B /* Base */,
			);
			name = LaunchScreen.storyboard;
			sourceTree = "<group>";
		};
/* End PBXVariantGroup section */

/* Begin XCBuildConfiguration section */
		A66447F42192121300B2D32B /* Debug */ = {
			isa = XCBuildConfiguration;
			buildSettings = {
				ALWAYS_SEARCH_USER_PATHS = NO;
				CLANG_ANALYZER_NONNULL = YES;
				CLANG_ANALYZER_NUMBER_OBJECT_CONVERSION = YES_AGGRESSIVE;
				CLANG_CXX_LANGUAGE_STANDARD = "gnu++14";
				CLANG_CXX_LIBRARY = "libc++";
				CLANG_ENABLE_MODULES = YES;
				CLANG_ENABLE_OBJC_ARC = YES;
				CLANG_ENABLE_OBJC_WEAK = YES;
				CLANG_WARN_BLOCK_CAPTURE_AUTORELEASING = YES;
				CLANG_WARN_BOOL_CONVERSION = YES;
				CLANG_WARN_COMMA = YES;
				CLANG_WARN_CONSTANT_CONVERSION = YES;
				CLANG_WARN_DEPRECATED_OBJC_IMPLEMENTATIONS = YES;
				CLANG_WARN_DIRECT_OBJC_ISA_USAGE = YES_ERROR;
				CLANG_WARN_DOCUMENTATION_COMMENTS = YES;
				CLANG_WARN_EMPTY_BODY = YES;
				CLANG_WARN_ENUM_CONVERSION = YES;
				CLANG_WARN_INFINITE_RECURSION = YES;
				CLANG_WARN_INT_CONVERSION = YES;
				CLANG_WARN_NON_LITERAL_NULL_CONVERSION = YES;
				CLANG_WARN_OBJC_IMPLICIT_RETAIN_SELF = YES;
				CLANG_WARN_OBJC_LITERAL_CONVERSION = YES;
				CLANG_WARN_OBJC_ROOT_CLASS = YES_ERROR;
				CLANG_WARN_RANGE_LOOP_ANALYSIS = YES;
				CLANG_WARN_STRICT_PROTOTYPES = YES;
				CLANG_WARN_SUSPICIOUS_MOVE = YES;
				CLANG_WARN_UNGUARDED_AVAILABILITY = YES_AGGRESSIVE;
				CLANG_WARN_UNREACHABLE_CODE = YES;
				CLANG_WARN__DUPLICATE_METHOD_MATCH = YES;
				CODE_SIGN_IDENTITY = "iPhone Developer";
				COPY_PHASE_STRIP = NO;
				DEBUG_INFORMATION_FORMAT = dwarf;
				ENABLE_STRICT_OBJC_MSGSEND = YES;
				ENABLE_TESTABILITY = YES;
				GCC_C_LANGUAGE_STANDARD = gnu11;
				GCC_DYNAMIC_NO_PIC = NO;
				GCC_NO_COMMON_BLOCKS = YES;
				GCC_OPTIMIZATION_LEVEL = 0;
				GCC_PREPROCESSOR_DEFINITIONS = (
					"DEBUG=1",
					"$(inherited)",
				);
				GCC_WARN_64_TO_32_BIT_CONVERSION = YES;
				GCC_WARN_ABOUT_RETURN_TYPE = YES_ERROR;
				GCC_WARN_UNDECLARED_SELECTOR = YES;
				GCC_WARN_UNINITIALIZED_AUTOS = YES_AGGRESSIVE;
				GCC_WARN_UNUSED_FUNCTION = YES;
				GCC_WARN_UNUSED_VARIABLE = YES;
				IPHONEOS_DEPLOYMENT_TARGET = 12.0;
				MTL_ENABLE_DEBUG_INFO = INCLUDE_SOURCE;
				MTL_FAST_MATH = YES;
				ONLY_ACTIVE_ARCH = YES;
				SDKROOT = iphoneos;
				SWIFT_ACTIVE_COMPILATION_CONDITIONS = DEBUG;
				SWIFT_OPTIMIZATION_LEVEL = "-Onone";
			};
			name = Debug;
		};
		A66447F52192121300B2D32B /* Release */ = {
			isa = XCBuildConfiguration;
			buildSettings = {
				ALWAYS_SEARCH_USER_PATHS = NO;
				CLANG_ANALYZER_NONNULL = YES;
				CLANG_ANALYZER_NUMBER_OBJECT_CONVERSION = YES_AGGRESSIVE;
				CLANG_CXX_LANGUAGE_STANDARD = "gnu++14";
				CLANG_CXX_LIBRARY = "libc++";
				CLANG_ENABLE_MODULES = YES;
				CLANG_ENABLE_OBJC_ARC = YES;
				CLANG_ENABLE_OBJC_WEAK = YES;
				CLANG_WARN_BLOCK_CAPTURE_AUTORELEASING = YES;
				CLANG_WARN_BOOL_CONVERSION = YES;
				CLANG_WARN_COMMA = YES;
				CLANG_WARN_CONSTANT_CONVERSION = YES;
				CLANG_WARN_DEPRECATED_OBJC_IMPLEMENTATIONS = YES;
				CLANG_WARN_DIRECT_OBJC_ISA_USAGE = YES_ERROR;
				CLANG_WARN_DOCUMENTATION_COMMENTS = YES;
				CLANG_WARN_EMPTY_BODY = YES;
				CLANG_WARN_ENUM_CONVERSION = YES;
				CLANG_WARN_INFINITE_RECURSION = YES;
				CLANG_WARN_INT_CONVERSION = YES;
				CLANG_WARN_NON_LITERAL_NULL_CONVERSION = YES;
				CLANG_WARN_OBJC_IMPLICIT_RETAIN_SELF = YES;
				CLANG_WARN_OBJC_LITERAL_CONVERSION = YES;
				CLANG_WARN_OBJC_ROOT_CLASS = YES_ERROR;
				CLANG_WARN_RANGE_LOOP_ANALYSIS = YES;
				CLANG_WARN_STRICT_PROTOTYPES = YES;
				CLANG_WARN_SUSPICIOUS_MOVE = YES;
				CLANG_WARN_UNGUARDED_AVAILABILITY = YES_AGGRESSIVE;
				CLANG_WARN_UNREACHABLE_CODE = YES;
				CLANG_WARN__DUPLICATE_METHOD_MATCH = YES;
				CODE_SIGN_IDENTITY = "iPhone Distribution";
				COPY_PHASE_STRIP = NO;
				DEBUG_INFORMATION_FORMAT = "dwarf-with-dsym";
				ENABLE_NS_ASSERTIONS = NO;
				ENABLE_STRICT_OBJC_MSGSEND = YES;
				GCC_C_LANGUAGE_STANDARD = gnu11;
				GCC_NO_COMMON_BLOCKS = YES;
				GCC_WARN_64_TO_32_BIT_CONVERSION = YES;
				GCC_WARN_ABOUT_RETURN_TYPE = YES_ERROR;
				GCC_WARN_UNDECLARED_SELECTOR = YES;
				GCC_WARN_UNINITIALIZED_AUTOS = YES_AGGRESSIVE;
				GCC_WARN_UNUSED_FUNCTION = YES;
				GCC_WARN_UNUSED_VARIABLE = YES;
				IPHONEOS_DEPLOYMENT_TARGET = 12.0;
				MTL_ENABLE_DEBUG_INFO = NO;
				MTL_FAST_MATH = YES;
				SDKROOT = iphoneos;
				SWIFT_COMPILATION_MODE = wholemodule;
				SWIFT_OPTIMIZATION_LEVEL = "-O";
				VALIDATE_PRODUCT = YES;
			};
			name = Release;
		};
		A66447F72192121300B2D32B /* Debug */ = {
			isa = XCBuildConfiguration;
			baseConfigurationReference = E590CB3B090CC7CD8999AD88 /* Pods-ios1819capgemini.debug.xcconfig */;
			buildSettings = {
				ASSETCATALOG_COMPILER_APPICON_NAME = AppIcon;
				CLANG_ENABLE_MODULES = YES;
				CODE_SIGN_ENTITLEMENTS = ios1819capgemini/ios1819capgemini.entitlements;
				CODE_SIGN_STYLE = Automatic;
				DEVELOPMENT_TEAM = WCM2L8RG39;
				INFOPLIST_FILE = ios1819capgemini/Info.plist;
				LD_RUNPATH_SEARCH_PATHS = (
					"$(inherited)",
					"@executable_path/Frameworks",
				);
				PRODUCT_BUNDLE_IDENTIFIER = de.tum.in.www1.ios1819capgemini;
				PRODUCT_NAME = "$(TARGET_NAME)";
				PROVISIONING_PROFILE_SPECIFIER = "";
				SWIFT_OPTIMIZATION_LEVEL = "-Onone";
				SWIFT_VERSION = 4.2;
				TARGETED_DEVICE_FAMILY = "1,2";
			};
			name = Debug;
		};
		A66447F82192121300B2D32B /* Release */ = {
			isa = XCBuildConfiguration;
			baseConfigurationReference = 0CDB5AF4C15D59DC7C04B3EA /* Pods-ios1819capgemini.release.xcconfig */;
			buildSettings = {
				ASSETCATALOG_COMPILER_APPICON_NAME = AppIcon;
				CLANG_ENABLE_MODULES = YES;
				CODE_SIGN_ENTITLEMENTS = ios1819capgemini/ios1819capgemini.entitlements;
				CODE_SIGN_STYLE = Manual;
				DEVELOPMENT_TEAM = WCM2L8RG39;
				INFOPLIST_FILE = ios1819capgemini/Info.plist;
				LD_RUNPATH_SEARCH_PATHS = (
					"$(inherited)",
					"@executable_path/Frameworks",
				);
				PRODUCT_BUNDLE_IDENTIFIER = de.tum.in.www1.ios1819capgemini;
				PRODUCT_NAME = "$(TARGET_NAME)";
				PROVISIONING_PROFILE_SPECIFIER = $SIGH_NAME;
				SWIFT_VERSION = 4.2;
				TARGETED_DEVICE_FAMILY = "1,2";
			};
			name = Release;
		};
/* End XCBuildConfiguration section */

/* Begin XCConfigurationList section */
		A66447DF2192121200B2D32B /* Build configuration list for PBXProject "ios1819capgemini" */ = {
			isa = XCConfigurationList;
			buildConfigurations = (
				A66447F42192121300B2D32B /* Debug */,
				A66447F52192121300B2D32B /* Release */,
			);
			defaultConfigurationIsVisible = 0;
			defaultConfigurationName = Release;
		};
		A66447F62192121300B2D32B /* Build configuration list for PBXNativeTarget "ios1819capgemini" */ = {
			isa = XCConfigurationList;
			buildConfigurations = (
				A66447F72192121300B2D32B /* Debug */,
				A66447F82192121300B2D32B /* Release */,
			);
			defaultConfigurationIsVisible = 0;
			defaultConfigurationName = Release;
		};
/* End XCConfigurationList section */
	};
	rootObject = A66447DC2192121200B2D32B /* Project object */;
}
