PODS:
  - CUU (1.0.0):
    - CUU/CUUCore (= 1.0.0)
    - CUU/FeatureKit (= 1.0.0)
    - CUU/InteractionKit (= 1.0.0)
  - CUU/CUUCore (1.0.0)
  - CUU/FeatureKit (1.0.0):
    - CUU/CUUCore
  - CUU/InteractionKit (1.0.0):
    - CUU/CUUCore
  - KeychainSwift (13.0.0)
  - Prototype (0.3.3)
  - Prototyper (1.1):
    - KeychainSwift (= 13.0.0)
    - Prototype (= 0.3.3)

DEPENDENCIES:
  - CUU
  - Prototyper

SPEC REPOS:
  https://github.com/cocoapods/specs.git:
    - CUU
    - KeychainSwift
    - Prototype
    - Prototyper

SPEC CHECKSUMS:
  CUU: fcb53c8490d8ca873c7e11eb8b28c0d46c5c7879
  KeychainSwift: 23d6c16cbc33f20fafa30c3d783241b4b87d998c
  Prototype: 2009eb25fccdcbe5339d1cbe4f116eb6e68466aa
  Prototyper: 09bf1e15d619a7cd6ae358beaa58dc2e0955fa16

PODFILE CHECKSUM: 15d0ff37bdb5fe010082c83e817e0e0f933e04b0

COCOAPODS: 1.5.3
